// !$*UTF8*$!
{
	archiveVersion = 1;
	classes = {
	};
	objectVersion = 56;
	objects = {

/* Begin PBXBuildFile section */
		EE0D81982A1BF9A300C39901 /* UserInfomView.swift in Sources */ = {isa = PBXBuildFile; fileRef = EE0D81972A1BF9A300C39901 /* UserInfomView.swift */; };
		EE0D819A2A1C0D6800C39901 /* UpgradToPro.swift in Sources */ = {isa = PBXBuildFile; fileRef = EE0D81992A1C0D6800C39901 /* UpgradToPro.swift */; };
		EE0D819D2A1C1EB200C39901 /* UIColor+Exntension.swift in Sources */ = {isa = PBXBuildFile; fileRef = EE0D819C2A1C1EB100C39901 /* UIColor+Exntension.swift */; };
		EE4895D62A3C7925008666FD /* AppDelegateAdapter.swift in Sources */ = {isa = PBXBuildFile; fileRef = EE4895D52A3C7925008666FD /* AppDelegateAdapter.swift */; };
		EE4896182A3C9BC1008666FD /* FirebaseAnalytics in Frameworks */ = {isa = PBXBuildFile; productRef = EE4896172A3C9BC1008666FD /* FirebaseAnalytics */; };
		EE48961A2A3C9BC1008666FD /* FirebaseAppCheck in Frameworks */ = {isa = PBXBuildFile; productRef = EE4896192A3C9BC1008666FD /* FirebaseAppCheck */; };
		EE48961C2A3C9BC1008666FD /* FirebaseAuth in Frameworks */ = {isa = PBXBuildFile; productRef = EE48961B2A3C9BC1008666FD /* FirebaseAuth */; };
		EE48961E2A3C9BC1008666FD /* FirebaseDatabase in Frameworks */ = {isa = PBXBuildFile; productRef = EE48961D2A3C9BC1008666FD /* FirebaseDatabase */; };
		EE4896202A3C9BC1008666FD /* FirebaseFunctions in Frameworks */ = {isa = PBXBuildFile; productRef = EE48961F2A3C9BC1008666FD /* FirebaseFunctions */; };
		EE4896222A3C9BC1008666FD /* FirebaseMessaging in Frameworks */ = {isa = PBXBuildFile; productRef = EE4896212A3C9BC1008666FD /* FirebaseMessaging */; };
		EE4896242A3C9BC1008666FD /* FirebaseStorage in Frameworks */ = {isa = PBXBuildFile; productRef = EE4896232A3C9BC1008666FD /* FirebaseStorage */; };
		EE4F38FB2A3B5797004DBEA3 /* SmartMuscleAppModel.xcdatamodeld in Sources */ = {isa = PBXBuildFile; fileRef = EE4F38F92A3B5797004DBEA3 /* SmartMuscleAppModel.xcdatamodeld */; };
		EE5DAAA82A3131CB005A15E0 /* GoogleSignIn in Frameworks */ = {isa = PBXBuildFile; productRef = EE5DAAA72A3131CB005A15E0 /* GoogleSignIn */; };
		EE5DAAAA2A3131CB005A15E0 /* GoogleSignInSwift in Frameworks */ = {isa = PBXBuildFile; productRef = EE5DAAA92A3131CB005A15E0 /* GoogleSignInSwift */; };
		EE70302B2A16C83E00DE5BA7 /* SmartMuscleApp.swift in Sources */ = {isa = PBXBuildFile; fileRef = EE70302A2A16C83E00DE5BA7 /* SmartMuscleApp.swift */; };
		EE70302D2A16C83E00DE5BA7 /* ContentView.swift in Sources */ = {isa = PBXBuildFile; fileRef = EE70302C2A16C83E00DE5BA7 /* ContentView.swift */; };
		EE70302F2A16C83F00DE5BA7 /* Assets.xcassets in Resources */ = {isa = PBXBuildFile; fileRef = EE70302E2A16C83F00DE5BA7 /* Assets.xcassets */; };
		EE7030332A16C83F00DE5BA7 /* Preview Assets.xcassets in Resources */ = {isa = PBXBuildFile; fileRef = EE7030322A16C83F00DE5BA7 /* Preview Assets.xcassets */; };
		EE70303B2A16C9D200DE5BA7 /* WorkOutPlan.swift in Sources */ = {isa = PBXBuildFile; fileRef = EE70303A2A16C9D200DE5BA7 /* WorkOutPlan.swift */; };
		EE70303D2A16C9DE00DE5BA7 /* BodyView.swift in Sources */ = {isa = PBXBuildFile; fileRef = EE70303C2A16C9DE00DE5BA7 /* BodyView.swift */; };
		EE70303F2A16C9E700DE5BA7 /* DietePlan.swift in Sources */ = {isa = PBXBuildFile; fileRef = EE70303E2A16C9E700DE5BA7 /* DietePlan.swift */; };
		EE7030412A16C9F500DE5BA7 /* Settings.swift in Sources */ = {isa = PBXBuildFile; fileRef = EE7030402A16C9F500DE5BA7 /* Settings.swift */; };
		EEA92C9C2A3A8C5600AFF46E /* GoogleService-Info.plist in Resources */ = {isa = PBXBuildFile; fileRef = EEA92C9B2A3A8C5600AFF46E /* GoogleService-Info.plist */; };
		EEADCEF02A30A4E000B9A805 /* SignUpView.swift in Sources */ = {isa = PBXBuildFile; fileRef = EEADCEEF2A30A4E000B9A805 /* SignUpView.swift */; };
		EEADCEF22A30A4F500B9A805 /* SMAutheticationView.swift in Sources */ = {isa = PBXBuildFile; fileRef = EEADCEF12A30A4F500B9A805 /* SMAutheticationView.swift */; };
		EEADCEF52A30AB1D00B9A805 /* SMTextField.swift in Sources */ = {isa = PBXBuildFile; fileRef = EEADCEF42A30AB1D00B9A805 /* SMTextField.swift */; };
		EEADCEFC2A30B93900B9A805 /* SMSecureField.swift in Sources */ = {isa = PBXBuildFile; fileRef = EEADCEFB2A30B93900B9A805 /* SMSecureField.swift */; };
		EEE4DE722A1BCE61000CF146 /* XMarkButton.swift in Sources */ = {isa = PBXBuildFile; fileRef = EEE4DE712A1BCE61000CF146 /* XMarkButton.swift */; };
		EEFCC5062A3E49AD002E88D9 /* SignInViewModel.swift in Sources */ = {isa = PBXBuildFile; fileRef = EEFCC5052A3E49AD002E88D9 /* SignInViewModel.swift */; };
		EEFCC5092A3E4CA7002E88D9 /* FIRAuthManager.swift in Sources */ = {isa = PBXBuildFile; fileRef = EEFCC5082A3E4CA7002E88D9 /* FIRAuthManager.swift */; };
		EEFCC50C2A3E5358002E88D9 /* SMTabBarView.swift in Sources */ = {isa = PBXBuildFile; fileRef = EEFCC50B2A3E5358002E88D9 /* SMTabBarView.swift */; };
		EEFCC50E2A3E55F2002E88D9 /* RootView.swift in Sources */ = {isa = PBXBuildFile; fileRef = EEFCC50D2A3E55F2002E88D9 /* RootView.swift */; };
		EEFCC5102A3E598D002E88D9 /* SMSignInView.swift in Sources */ = {isa = PBXBuildFile; fileRef = EEFCC50F2A3E598D002E88D9 /* SMSignInView.swift */; };
/* End PBXBuildFile section */

/* Begin PBXFileReference section */
		EE0D81972A1BF9A300C39901 /* UserInfomView.swift */ = {isa = PBXFileReference; lastKnownFileType = sourcecode.swift; path = UserInfomView.swift; sourceTree = "<group>"; };
		EE0D81992A1C0D6800C39901 /* UpgradToPro.swift */ = {isa = PBXFileReference; lastKnownFileType = sourcecode.swift; path = UpgradToPro.swift; sourceTree = "<group>"; };
		EE0D819C2A1C1EB100C39901 /* UIColor+Exntension.swift */ = {isa = PBXFileReference; lastKnownFileType = sourcecode.swift; path = "UIColor+Exntension.swift"; sourceTree = "<group>"; };
		EE4895D52A3C7925008666FD /* AppDelegateAdapter.swift */ = {isa = PBXFileReference; lastKnownFileType = sourcecode.swift; path = AppDelegateAdapter.swift; sourceTree = "<group>"; };
		EE4F38FA2A3B5797004DBEA3 /* SmartMuscleAppModel.xcdatamodel */ = {isa = PBXFileReference; lastKnownFileType = wrapper.xcdatamodel; path = SmartMuscleAppModel.xcdatamodel; sourceTree = "<group>"; };
		EE67D5E22A30FBB400B2FF31 /* SmartMuscleDebug.entitlements */ = {isa = PBXFileReference; lastKnownFileType = text.plist.entitlements; path = SmartMuscleDebug.entitlements; sourceTree = "<group>"; };
		EE7030272A16C83E00DE5BA7 /* SmartMuscle.app */ = {isa = PBXFileReference; explicitFileType = wrapper.application; includeInIndex = 0; path = SmartMuscle.app; sourceTree = BUILT_PRODUCTS_DIR; };
		EE70302A2A16C83E00DE5BA7 /* SmartMuscleApp.swift */ = {isa = PBXFileReference; lastKnownFileType = sourcecode.swift; path = SmartMuscleApp.swift; sourceTree = "<group>"; };
		EE70302C2A16C83E00DE5BA7 /* ContentView.swift */ = {isa = PBXFileReference; lastKnownFileType = sourcecode.swift; path = ContentView.swift; sourceTree = "<group>"; };
		EE70302E2A16C83F00DE5BA7 /* Assets.xcassets */ = {isa = PBXFileReference; lastKnownFileType = folder.assetcatalog; path = Assets.xcassets; sourceTree = "<group>"; };
		EE7030302A16C83F00DE5BA7 /* SmartMuscle.entitlements */ = {isa = PBXFileReference; lastKnownFileType = text.plist.entitlements; path = SmartMuscle.entitlements; sourceTree = "<group>"; };
		EE7030322A16C83F00DE5BA7 /* Preview Assets.xcassets */ = {isa = PBXFileReference; lastKnownFileType = folder.assetcatalog; path = "Preview Assets.xcassets"; sourceTree = "<group>"; };
		EE70303A2A16C9D200DE5BA7 /* WorkOutPlan.swift */ = {isa = PBXFileReference; lastKnownFileType = sourcecode.swift; path = WorkOutPlan.swift; sourceTree = "<group>"; };
		EE70303C2A16C9DE00DE5BA7 /* BodyView.swift */ = {isa = PBXFileReference; lastKnownFileType = sourcecode.swift; path = BodyView.swift; sourceTree = "<group>"; };
		EE70303E2A16C9E700DE5BA7 /* DietePlan.swift */ = {isa = PBXFileReference; lastKnownFileType = sourcecode.swift; path = DietePlan.swift; sourceTree = "<group>"; };
		EE7030402A16C9F500DE5BA7 /* Settings.swift */ = {isa = PBXFileReference; lastKnownFileType = sourcecode.swift; path = Settings.swift; sourceTree = "<group>"; };
		EEA92C9B2A3A8C5600AFF46E /* GoogleService-Info.plist */ = {isa = PBXFileReference; fileEncoding = 4; lastKnownFileType = text.plist.xml; path = "GoogleService-Info.plist"; sourceTree = "<group>"; };
		EEADCEEF2A30A4E000B9A805 /* SignUpView.swift */ = {isa = PBXFileReference; lastKnownFileType = sourcecode.swift; path = SignUpView.swift; sourceTree = "<group>"; };
		EEADCEF12A30A4F500B9A805 /* SMAutheticationView.swift */ = {isa = PBXFileReference; lastKnownFileType = sourcecode.swift; path = SMAutheticationView.swift; sourceTree = "<group>"; };
		EEADCEF42A30AB1D00B9A805 /* SMTextField.swift */ = {isa = PBXFileReference; lastKnownFileType = sourcecode.swift; path = SMTextField.swift; sourceTree = "<group>"; };
		EEADCEFB2A30B93900B9A805 /* SMSecureField.swift */ = {isa = PBXFileReference; lastKnownFileType = sourcecode.swift; path = SMSecureField.swift; sourceTree = "<group>"; };
		EEE4DE712A1BCE61000CF146 /* XMarkButton.swift */ = {isa = PBXFileReference; lastKnownFileType = sourcecode.swift; path = XMarkButton.swift; sourceTree = "<group>"; };
		EEFCC5052A3E49AD002E88D9 /* SignInViewModel.swift */ = {isa = PBXFileReference; lastKnownFileType = sourcecode.swift; path = SignInViewModel.swift; sourceTree = "<group>"; };
		EEFCC5082A3E4CA7002E88D9 /* FIRAuthManager.swift */ = {isa = PBXFileReference; lastKnownFileType = sourcecode.swift; path = FIRAuthManager.swift; sourceTree = "<group>"; };
		EEFCC50B2A3E5358002E88D9 /* SMTabBarView.swift */ = {isa = PBXFileReference; lastKnownFileType = sourcecode.swift; path = SMTabBarView.swift; sourceTree = "<group>"; };
		EEFCC50D2A3E55F2002E88D9 /* RootView.swift */ = {isa = PBXFileReference; lastKnownFileType = sourcecode.swift; path = RootView.swift; sourceTree = "<group>"; };
		EEFCC50F2A3E598D002E88D9 /* SMSignInView.swift */ = {isa = PBXFileReference; lastKnownFileType = sourcecode.swift; path = SMSignInView.swift; sourceTree = "<group>"; };
/* End PBXFileReference section */

/* Begin PBXFrameworksBuildPhase section */
		EE7030242A16C83E00DE5BA7 /* Frameworks */ = {
			isa = PBXFrameworksBuildPhase;
			buildActionMask = 2147483647;
			files = (
				EE4896222A3C9BC1008666FD /* FirebaseMessaging in Frameworks */,
				EE5DAAA82A3131CB005A15E0 /* GoogleSignIn in Frameworks */,
				EE48961C2A3C9BC1008666FD /* FirebaseAuth in Frameworks */,
				EE4896242A3C9BC1008666FD /* FirebaseStorage in Frameworks */,
				EE5DAAAA2A3131CB005A15E0 /* GoogleSignInSwift in Frameworks */,
				EE4896202A3C9BC1008666FD /* FirebaseFunctions in Frameworks */,
				EE4896182A3C9BC1008666FD /* FirebaseAnalytics in Frameworks */,
				EE48961A2A3C9BC1008666FD /* FirebaseAppCheck in Frameworks */,
				EE48961E2A3C9BC1008666FD /* FirebaseDatabase in Frameworks */,
			);
			runOnlyForDeploymentPostprocessing = 0;
		};
/* End PBXFrameworksBuildPhase section */

/* Begin PBXGroup section */
		EE0D81962A1BF99200C39901 /* SMSubViews */ = {
			isa = PBXGroup;
			children = (
				EE0D81972A1BF9A300C39901 /* UserInfomView.swift */,
				EE0D81992A1C0D6800C39901 /* UpgradToPro.swift */,
			);
			path = SMSubViews;
			sourceTree = "<group>";
		};
		EE0D819B2A1C1E9E00C39901 /* Extensions */ = {
			isa = PBXGroup;
			children = (
				EE0D819C2A1C1EB100C39901 /* UIColor+Exntension.swift */,
			);
			path = Extensions;
			sourceTree = "<group>";
		};
		EE4895E92A3C91D5008666FD /* Frameworks */ = {
			isa = PBXGroup;
			children = (
			);
			name = Frameworks;
			sourceTree = "<group>";
		};
		EE70301E2A16C83E00DE5BA7 = {
			isa = PBXGroup;
			children = (
				EE7030292A16C83E00DE5BA7 /* SmartMuscle */,
				EE7030282A16C83E00DE5BA7 /* Products */,
				EE4895E92A3C91D5008666FD /* Frameworks */,
			);
			sourceTree = "<group>";
		};
		EE7030282A16C83E00DE5BA7 /* Products */ = {
			isa = PBXGroup;
			children = (
				EE7030272A16C83E00DE5BA7 /* SmartMuscle.app */,
			);
			name = Products;
			sourceTree = "<group>";
		};
		EE7030292A16C83E00DE5BA7 /* SmartMuscle */ = {
			isa = PBXGroup;
			children = (
				EEA92C9A2A3A896D00AFF46E /* Managers */,
				EEADCEE32A30A2DE00B9A805 /* ViewModel */,
				EEADCEE82A30A41900B9A805 /* Utilitis */,
				EEE4DE702A1BCE4A000CF146 /* Sections */,
				EE7030432A16CD2500DE5BA7 /* Views */,
				EE7030422A16CD2100DE5BA7 /* Models */,
				EEADCEE22A30959900B9A805 /* App */,
				EE7030312A16C83F00DE5BA7 /* Preview Content */,
			);
			path = SmartMuscle;
			sourceTree = "<group>";
		};
		EE7030312A16C83F00DE5BA7 /* Preview Content */ = {
			isa = PBXGroup;
			children = (
				EE7030322A16C83F00DE5BA7 /* Preview Assets.xcassets */,
			);
			path = "Preview Content";
			sourceTree = "<group>";
		};
		EE7030422A16CD2100DE5BA7 /* Models */ = {
			isa = PBXGroup;
			children = (
			);
			path = Models;
			sourceTree = "<group>";
		};
		EE7030432A16CD2500DE5BA7 /* Views */ = {
			isa = PBXGroup;
			children = (
				EEADCEF32A30AB0A00B9A805 /* SMTextFields */,
				EEADCEE72A30A3E200B9A805 /* SMButtons */,
			);
			path = Views;
			sourceTree = "<group>";
		};
		EEA92C9A2A3A896D00AFF46E /* Managers */ = {
			isa = PBXGroup;
			children = (
				EEFCC5072A3E4C96002E88D9 /* Firebase */,
			);
			path = Managers;
			sourceTree = "<group>";
		};
		EEADCEE12A30956100B9A805 /* SMSettings */ = {
			isa = PBXGroup;
			children = (
				EE7030402A16C9F500DE5BA7 /* Settings.swift */,
				EE0D81962A1BF99200C39901 /* SMSubViews */,
			);
			path = SMSettings;
			sourceTree = "<group>";
		};
		EEADCEE22A30959900B9A805 /* App */ = {
			isa = PBXGroup;
			children = (
				EE7030302A16C83F00DE5BA7 /* SmartMuscle.entitlements */,
				EE67D5E22A30FBB400B2FF31 /* SmartMuscleDebug.entitlements */,
				EEA92C9B2A3A8C5600AFF46E /* GoogleService-Info.plist */,
				EE70302C2A16C83E00DE5BA7 /* ContentView.swift */,
				EE70302A2A16C83E00DE5BA7 /* SmartMuscleApp.swift */,
				EE70302E2A16C83F00DE5BA7 /* Assets.xcassets */,
				EE4F38F92A3B5797004DBEA3 /* SmartMuscleAppModel.xcdatamodeld */,
				EEFCC5112A3E59CC002E88D9 /* AppDelegateAdapter */,
			);
			path = App;
			sourceTree = "<group>";
		};
		EEADCEE32A30A2DE00B9A805 /* ViewModel */ = {
			isa = PBXGroup;
			children = (
				EEFCC5052A3E49AD002E88D9 /* SignInViewModel.swift */,
			);
			path = ViewModel;
			sourceTree = "<group>";
		};
		EEADCEE42A30A32700B9A805 /* SMPerson */ = {
			isa = PBXGroup;
			children = (
				EEADCEE92A30A44D00B9A805 /* SMSections */,
			);
			path = SMPerson;
			sourceTree = "<group>";
		};
		EEADCEE52A30A36E00B9A805 /* SMPersonal */ = {
			isa = PBXGroup;
			children = (
				EEADCEED2A30A48F00B9A805 /* SMSections */,
			);
			path = SMPersonal;
			sourceTree = "<group>";
		};
		EEADCEE62A30A3CA00B9A805 /* SMAuthentication */ = {
			isa = PBXGroup;
			children = (
				EEADCEEE2A30A4BE00B9A805 /* Sections */,
				EEADCEF12A30A4F500B9A805 /* SMAutheticationView.swift */,
			);
			path = SMAuthentication;
			sourceTree = "<group>";
		};
		EEADCEE72A30A3E200B9A805 /* SMButtons */ = {
			isa = PBXGroup;
			children = (
				EEE4DE712A1BCE61000CF146 /* XMarkButton.swift */,
			);
			path = SMButtons;
			sourceTree = "<group>";
		};
		EEADCEE82A30A41900B9A805 /* Utilitis */ = {
			isa = PBXGroup;
			children = (
				EE0D819B2A1C1E9E00C39901 /* Extensions */,
			);
			path = Utilitis;
			sourceTree = "<group>";
		};
		EEADCEE92A30A44D00B9A805 /* SMSections */ = {
			isa = PBXGroup;
			children = (
				EEADCEEA2A30A45F00B9A805 /* SMWorkOutPlan */,
				EEADCEEB2A30A47000B9A805 /* SMBodyView */,
				EEADCEEC2A30A47A00B9A805 /* SMDietePlan */,
			);
			path = SMSections;
			sourceTree = "<group>";
		};
		EEADCEEA2A30A45F00B9A805 /* SMWorkOutPlan */ = {
			isa = PBXGroup;
			children = (
				EE70303A2A16C9D200DE5BA7 /* WorkOutPlan.swift */,
			);
			path = SMWorkOutPlan;
			sourceTree = "<group>";
		};
		EEADCEEB2A30A47000B9A805 /* SMBodyView */ = {
			isa = PBXGroup;
			children = (
				EE70303C2A16C9DE00DE5BA7 /* BodyView.swift */,
			);
			path = SMBodyView;
			sourceTree = "<group>";
		};
		EEADCEEC2A30A47A00B9A805 /* SMDietePlan */ = {
			isa = PBXGroup;
			children = (
				EE70303E2A16C9E700DE5BA7 /* DietePlan.swift */,
			);
			path = SMDietePlan;
			sourceTree = "<group>";
		};
		EEADCEED2A30A48F00B9A805 /* SMSections */ = {
			isa = PBXGroup;
			children = (
			);
			path = SMSections;
			sourceTree = "<group>";
		};
		EEADCEEE2A30A4BE00B9A805 /* Sections */ = {
			isa = PBXGroup;
			children = (
				EEADCEEF2A30A4E000B9A805 /* SignUpView.swift */,
				EEFCC50F2A3E598D002E88D9 /* SMSignInView.swift */,
			);
			path = Sections;
			sourceTree = "<group>";
		};
		EEADCEF32A30AB0A00B9A805 /* SMTextFields */ = {
			isa = PBXGroup;
			children = (
				EEADCEF42A30AB1D00B9A805 /* SMTextField.swift */,
				EEADCEFB2A30B93900B9A805 /* SMSecureField.swift */,
			);
			path = SMTextFields;
			sourceTree = "<group>";
		};
		EEE4DE702A1BCE4A000CF146 /* Sections */ = {
			isa = PBXGroup;
			children = (
				EEFCC50A2A3E5337002E88D9 /* SMTabBar */,
				EEADCEE62A30A3CA00B9A805 /* SMAuthentication */,
				EEADCEE52A30A36E00B9A805 /* SMPersonal */,
				EEADCEE42A30A32700B9A805 /* SMPerson */,
				EEADCEE12A30956100B9A805 /* SMSettings */,
				EEFCC50D2A3E55F2002E88D9 /* RootView.swift */,
			);
			path = Sections;
			sourceTree = "<group>";
		};
		EEFCC5072A3E4C96002E88D9 /* Firebase */ = {
			isa = PBXGroup;
			children = (
				EEFCC5082A3E4CA7002E88D9 /* FIRAuthManager.swift */,
			);
			path = Firebase;
			sourceTree = "<group>";
		};
		EEFCC50A2A3E5337002E88D9 /* SMTabBar */ = {
			isa = PBXGroup;
			children = (
				EEFCC50B2A3E5358002E88D9 /* SMTabBarView.swift */,
			);
			path = SMTabBar;
			sourceTree = "<group>";
		};
		EEFCC5112A3E59CC002E88D9 /* AppDelegateAdapter */ = {
			isa = PBXGroup;
			children = (
				EE4895D52A3C7925008666FD /* AppDelegateAdapter.swift */,
			);
			path = AppDelegateAdapter;
			sourceTree = "<group>";
		};
/* End PBXGroup section */

/* Begin PBXNativeTarget section */
		EE7030262A16C83E00DE5BA7 /* SmartMuscle */ = {
			isa = PBXNativeTarget;
			buildConfigurationList = EE7030362A16C83F00DE5BA7 /* Build configuration list for PBXNativeTarget "SmartMuscle" */;
			buildPhases = (
				EE7030232A16C83E00DE5BA7 /* Sources */,
				EE7030242A16C83E00DE5BA7 /* Frameworks */,
				EE7030252A16C83E00DE5BA7 /* Resources */,
			);
			buildRules = (
			);
			dependencies = (
			);
			name = SmartMuscle;
			packageProductDependencies = (
				EE5DAAA72A3131CB005A15E0 /* GoogleSignIn */,
				EE5DAAA92A3131CB005A15E0 /* GoogleSignInSwift */,
				EE4896172A3C9BC1008666FD /* FirebaseAnalytics */,
				EE4896192A3C9BC1008666FD /* FirebaseAppCheck */,
				EE48961B2A3C9BC1008666FD /* FirebaseAuth */,
				EE48961D2A3C9BC1008666FD /* FirebaseDatabase */,
				EE48961F2A3C9BC1008666FD /* FirebaseFunctions */,
				EE4896212A3C9BC1008666FD /* FirebaseMessaging */,
				EE4896232A3C9BC1008666FD /* FirebaseStorage */,
			);
			productName = SmartMuscle;
			productReference = EE7030272A16C83E00DE5BA7 /* SmartMuscle.app */;
			productType = "com.apple.product-type.application";
		};
/* End PBXNativeTarget section */

/* Begin PBXProject section */
		EE70301F2A16C83E00DE5BA7 /* Project object */ = {
			isa = PBXProject;
			attributes = {
				BuildIndependentTargetsInParallel = 1;
				LastSwiftUpdateCheck = 1430;
				LastUpgradeCheck = 1430;
				TargetAttributes = {
					EE7030262A16C83E00DE5BA7 = {
						CreatedOnToolsVersion = 14.3;
					};
				};
			};
			buildConfigurationList = EE7030222A16C83E00DE5BA7 /* Build configuration list for PBXProject "SmartMuscle" */;
			compatibilityVersion = "Xcode 14.0";
			developmentRegion = en;
			hasScannedForEncodings = 0;
			knownRegions = (
				en,
				Base,
			);
			mainGroup = EE70301E2A16C83E00DE5BA7;
			packageReferences = (
				EE5DAAA62A3131CB005A15E0 /* XCRemoteSwiftPackageReference "GoogleSignIn-iOS" */,
				EE4896162A3C9BC1008666FD /* XCRemoteSwiftPackageReference "firebase-ios-sdk" */,
			);
			productRefGroup = EE7030282A16C83E00DE5BA7 /* Products */;
			projectDirPath = "";
			projectRoot = "";
			targets = (
				EE7030262A16C83E00DE5BA7 /* SmartMuscle */,
			);
		};
/* End PBXProject section */

/* Begin PBXResourcesBuildPhase section */
		EE7030252A16C83E00DE5BA7 /* Resources */ = {
			isa = PBXResourcesBuildPhase;
			buildActionMask = 2147483647;
			files = (
				EE7030332A16C83F00DE5BA7 /* Preview Assets.xcassets in Resources */,
				EE70302F2A16C83F00DE5BA7 /* Assets.xcassets in Resources */,
				EEA92C9C2A3A8C5600AFF46E /* GoogleService-Info.plist in Resources */,
			);
			runOnlyForDeploymentPostprocessing = 0;
		};
/* End PBXResourcesBuildPhase section */

/* Begin PBXSourcesBuildPhase section */
		EE7030232A16C83E00DE5BA7 /* Sources */ = {
			isa = PBXSourcesBuildPhase;
			buildActionMask = 2147483647;
			files = (
				EEADCEFC2A30B93900B9A805 /* SMSecureField.swift in Sources */,
				EE4895D62A3C7925008666FD /* AppDelegateAdapter.swift in Sources */,
				EE7030412A16C9F500DE5BA7 /* Settings.swift in Sources */,
				EE0D81982A1BF9A300C39901 /* UserInfomView.swift in Sources */,
				EEFCC50E2A3E55F2002E88D9 /* RootView.swift in Sources */,
				EE0D819D2A1C1EB200C39901 /* UIColor+Exntension.swift in Sources */,
				EE4F38FB2A3B5797004DBEA3 /* SmartMuscleAppModel.xcdatamodeld in Sources */,
				EE0D819A2A1C0D6800C39901 /* UpgradToPro.swift in Sources */,
				EE70302D2A16C83E00DE5BA7 /* ContentView.swift in Sources */,
				EEADCEF02A30A4E000B9A805 /* SignUpView.swift in Sources */,
				EEFCC5062A3E49AD002E88D9 /* SignInViewModel.swift in Sources */,
				EEADCEF22A30A4F500B9A805 /* SMAutheticationView.swift in Sources */,
				EE70303B2A16C9D200DE5BA7 /* WorkOutPlan.swift in Sources */,
				EEE4DE722A1BCE61000CF146 /* XMarkButton.swift in Sources */,
				EE70302B2A16C83E00DE5BA7 /* SmartMuscleApp.swift in Sources */,
				EEFCC5102A3E598D002E88D9 /* SMSignInView.swift in Sources */,
				EEADCEF52A30AB1D00B9A805 /* SMTextField.swift in Sources */,
				EEFCC5092A3E4CA7002E88D9 /* FIRAuthManager.swift in Sources */,
				EEFCC50C2A3E5358002E88D9 /* SMTabBarView.swift in Sources */,
				EE70303F2A16C9E700DE5BA7 /* DietePlan.swift in Sources */,
				EE70303D2A16C9DE00DE5BA7 /* BodyView.swift in Sources */,
			);
			runOnlyForDeploymentPostprocessing = 0;
		};
/* End PBXSourcesBuildPhase section */

/* Begin XCBuildConfiguration section */
		EE7030342A16C83F00DE5BA7 /* Debug */ = {
			isa = XCBuildConfiguration;
			buildSettings = {
				ALWAYS_SEARCH_USER_PATHS = NO;
				CLANG_ANALYZER_NONNULL = YES;
				CLANG_ANALYZER_NUMBER_OBJECT_CONVERSION = YES_AGGRESSIVE;
				CLANG_CXX_LANGUAGE_STANDARD = "gnu++20";
				CLANG_ENABLE_MODULES = YES;
				CLANG_ENABLE_OBJC_ARC = YES;
				CLANG_ENABLE_OBJC_WEAK = YES;
				CLANG_WARN_BLOCK_CAPTURE_AUTORELEASING = YES;
				CLANG_WARN_BOOL_CONVERSION = YES;
				CLANG_WARN_COMMA = YES;
				CLANG_WARN_CONSTANT_CONVERSION = YES;
				CLANG_WARN_DEPRECATED_OBJC_IMPLEMENTATIONS = YES;
				CLANG_WARN_DIRECT_OBJC_ISA_USAGE = YES_ERROR;
				CLANG_WARN_DOCUMENTATION_COMMENTS = YES;
				CLANG_WARN_EMPTY_BODY = YES;
				CLANG_WARN_ENUM_CONVERSION = YES;
				CLANG_WARN_INFINITE_RECURSION = YES;
				CLANG_WARN_INT_CONVERSION = YES;
				CLANG_WARN_NON_LITERAL_NULL_CONVERSION = YES;
				CLANG_WARN_OBJC_IMPLICIT_RETAIN_SELF = YES;
				CLANG_WARN_OBJC_LITERAL_CONVERSION = YES;
				CLANG_WARN_OBJC_ROOT_CLASS = YES_ERROR;
				CLANG_WARN_QUOTED_INCLUDE_IN_FRAMEWORK_HEADER = YES;
				CLANG_WARN_RANGE_LOOP_ANALYSIS = YES;
				CLANG_WARN_STRICT_PROTOTYPES = YES;
				CLANG_WARN_SUSPICIOUS_MOVE = YES;
				CLANG_WARN_UNGUARDED_AVAILABILITY = YES_AGGRESSIVE;
				CLANG_WARN_UNREACHABLE_CODE = YES;
				CLANG_WARN__DUPLICATE_METHOD_MATCH = YES;
				COPY_PHASE_STRIP = NO;
				DEBUG_INFORMATION_FORMAT = dwarf;
				ENABLE_STRICT_OBJC_MSGSEND = YES;
				ENABLE_TESTABILITY = YES;
				GCC_C_LANGUAGE_STANDARD = gnu11;
				GCC_DYNAMIC_NO_PIC = NO;
				GCC_NO_COMMON_BLOCKS = YES;
				GCC_OPTIMIZATION_LEVEL = 0;
				GCC_PREPROCESSOR_DEFINITIONS = (
					"DEBUG=1",
					"$(inherited)",
				);
				GCC_WARN_64_TO_32_BIT_CONVERSION = YES;
				GCC_WARN_ABOUT_RETURN_TYPE = YES_ERROR;
				GCC_WARN_UNDECLARED_SELECTOR = YES;
				GCC_WARN_UNINITIALIZED_AUTOS = YES_AGGRESSIVE;
				GCC_WARN_UNUSED_FUNCTION = YES;
				GCC_WARN_UNUSED_VARIABLE = YES;
				MTL_ENABLE_DEBUG_INFO = INCLUDE_SOURCE;
				MTL_FAST_MATH = YES;
				ONLY_ACTIVE_ARCH = YES;
				SWIFT_ACTIVE_COMPILATION_CONDITIONS = DEBUG;
				SWIFT_OPTIMIZATION_LEVEL = "-Onone";
			};
			name = Debug;
		};
		EE7030352A16C83F00DE5BA7 /* Release */ = {
			isa = XCBuildConfiguration;
			buildSettings = {
				ALWAYS_SEARCH_USER_PATHS = NO;
				CLANG_ANALYZER_NONNULL = YES;
				CLANG_ANALYZER_NUMBER_OBJECT_CONVERSION = YES_AGGRESSIVE;
				CLANG_CXX_LANGUAGE_STANDARD = "gnu++20";
				CLANG_ENABLE_MODULES = YES;
				CLANG_ENABLE_OBJC_ARC = YES;
				CLANG_ENABLE_OBJC_WEAK = YES;
				CLANG_WARN_BLOCK_CAPTURE_AUTORELEASING = YES;
				CLANG_WARN_BOOL_CONVERSION = YES;
				CLANG_WARN_COMMA = YES;
				CLANG_WARN_CONSTANT_CONVERSION = YES;
				CLANG_WARN_DEPRECATED_OBJC_IMPLEMENTATIONS = YES;
				CLANG_WARN_DIRECT_OBJC_ISA_USAGE = YES_ERROR;
				CLANG_WARN_DOCUMENTATION_COMMENTS = YES;
				CLANG_WARN_EMPTY_BODY = YES;
				CLANG_WARN_ENUM_CONVERSION = YES;
				CLANG_WARN_INFINITE_RECURSION = YES;
				CLANG_WARN_INT_CONVERSION = YES;
				CLANG_WARN_NON_LITERAL_NULL_CONVERSION = YES;
				CLANG_WARN_OBJC_IMPLICIT_RETAIN_SELF = YES;
				CLANG_WARN_OBJC_LITERAL_CONVERSION = YES;
				CLANG_WARN_OBJC_ROOT_CLASS = YES_ERROR;
				CLANG_WARN_QUOTED_INCLUDE_IN_FRAMEWORK_HEADER = YES;
				CLANG_WARN_RANGE_LOOP_ANALYSIS = YES;
				CLANG_WARN_STRICT_PROTOTYPES = YES;
				CLANG_WARN_SUSPICIOUS_MOVE = YES;
				CLANG_WARN_UNGUARDED_AVAILABILITY = YES_AGGRESSIVE;
				CLANG_WARN_UNREACHABLE_CODE = YES;
				CLANG_WARN__DUPLICATE_METHOD_MATCH = YES;
				COPY_PHASE_STRIP = NO;
				DEBUG_INFORMATION_FORMAT = "dwarf-with-dsym";
				ENABLE_NS_ASSERTIONS = NO;
				ENABLE_STRICT_OBJC_MSGSEND = YES;
				GCC_C_LANGUAGE_STANDARD = gnu11;
				GCC_NO_COMMON_BLOCKS = YES;
				GCC_WARN_64_TO_32_BIT_CONVERSION = YES;
				GCC_WARN_ABOUT_RETURN_TYPE = YES_ERROR;
				GCC_WARN_UNDECLARED_SELECTOR = YES;
				GCC_WARN_UNINITIALIZED_AUTOS = YES_AGGRESSIVE;
				GCC_WARN_UNUSED_FUNCTION = YES;
				GCC_WARN_UNUSED_VARIABLE = YES;
				MTL_ENABLE_DEBUG_INFO = NO;
				MTL_FAST_MATH = YES;
				SWIFT_COMPILATION_MODE = wholemodule;
				SWIFT_OPTIMIZATION_LEVEL = "-O";
			};
			name = Release;
		};
		EE7030372A16C83F00DE5BA7 /* Debug */ = {
			isa = XCBuildConfiguration;
			buildSettings = {
				ASSETCATALOG_COMPILER_APPICON_NAME = AppIcon;
				ASSETCATALOG_COMPILER_GLOBAL_ACCENT_COLOR_NAME = AccentColor;
				CODE_SIGN_ENTITLEMENTS = SmartMuscle/App/SmartMuscleDebug.entitlements;
				CODE_SIGN_IDENTITY = "Apple Development";
				"CODE_SIGN_IDENTITY[sdk=macosx*]" = "Apple Development";
				CODE_SIGN_STYLE = Automatic;
				CURRENT_PROJECT_VERSION = 1;
				DEVELOPMENT_ASSET_PATHS = "\"SmartMuscle/Preview Content\"";
				DEVELOPMENT_TEAM = 9QASH6QZ2H;
				ENABLE_HARDENED_RUNTIME = YES;
				ENABLE_PREVIEWS = YES;
				GENERATE_INFOPLIST_FILE = YES;
				"INFOPLIST_KEY_UIApplicationSceneManifest_Generation[sdk=iphoneos*]" = YES;
				"INFOPLIST_KEY_UIApplicationSceneManifest_Generation[sdk=iphonesimulator*]" = YES;
				"INFOPLIST_KEY_UIApplicationSupportsIndirectInputEvents[sdk=iphoneos*]" = YES;
				"INFOPLIST_KEY_UIApplicationSupportsIndirectInputEvents[sdk=iphonesimulator*]" = YES;
				"INFOPLIST_KEY_UILaunchScreen_Generation[sdk=iphoneos*]" = YES;
				"INFOPLIST_KEY_UILaunchScreen_Generation[sdk=iphonesimulator*]" = YES;
				"INFOPLIST_KEY_UIStatusBarStyle[sdk=iphoneos*]" = UIStatusBarStyleDefault;
				"INFOPLIST_KEY_UIStatusBarStyle[sdk=iphonesimulator*]" = UIStatusBarStyleDefault;
				INFOPLIST_KEY_UISupportedInterfaceOrientations_iPad = "UIInterfaceOrientationPortrait UIInterfaceOrientationPortraitUpsideDown UIInterfaceOrientationLandscapeLeft UIInterfaceOrientationLandscapeRight";
				INFOPLIST_KEY_UISupportedInterfaceOrientations_iPhone = "UIInterfaceOrientationPortrait UIInterfaceOrientationLandscapeLeft UIInterfaceOrientationLandscapeRight";
				IPHONEOS_DEPLOYMENT_TARGET = 16.4;
				LD_RUNPATH_SEARCH_PATHS = "@executable_path/Frameworks";
				"LD_RUNPATH_SEARCH_PATHS[sdk=macosx*]" = "@executable_path/../Frameworks";
				MACOSX_DEPLOYMENT_TARGET = 13.3;
				MARKETING_VERSION = 1.0;
				PRODUCT_BUNDLE_IDENTIFIER = com.williamSantos.SmartMuscle;
				PRODUCT_NAME = "$(TARGET_NAME)";
				PROVISIONING_PROFILE_SPECIFIER = "";
				SDKROOT = auto;
				SUPPORTED_PLATFORMS = "iphoneos iphonesimulator";
				SUPPORTS_MACCATALYST = NO;
				SUPPORTS_MAC_DESIGNED_FOR_IPHONE_IPAD = NO;
				SWIFT_EMIT_LOC_STRINGS = YES;
				SWIFT_VERSION = 5.0;
				TARGETED_DEVICE_FAMILY = "1,2";
			};
			name = Debug;
		};
		EE7030382A16C83F00DE5BA7 /* Release */ = {
			isa = XCBuildConfiguration;
			buildSettings = {
				ASSETCATALOG_COMPILER_APPICON_NAME = AppIcon;
				ASSETCATALOG_COMPILER_GLOBAL_ACCENT_COLOR_NAME = AccentColor;
				CODE_SIGN_ENTITLEMENTS = SmartMuscle/App/SmartMuscle.entitlements;
				CODE_SIGN_IDENTITY = "Apple Development";
				"CODE_SIGN_IDENTITY[sdk=macosx*]" = "Apple Development";
				CODE_SIGN_STYLE = Automatic;
				CURRENT_PROJECT_VERSION = 1;
				DEVELOPMENT_ASSET_PATHS = "\"SmartMuscle/Preview Content\"";
				DEVELOPMENT_TEAM = 9QASH6QZ2H;
				ENABLE_HARDENED_RUNTIME = YES;
				ENABLE_PREVIEWS = YES;
				GENERATE_INFOPLIST_FILE = YES;
				"INFOPLIST_KEY_UIApplicationSceneManifest_Generation[sdk=iphoneos*]" = YES;
				"INFOPLIST_KEY_UIApplicationSceneManifest_Generation[sdk=iphonesimulator*]" = YES;
				"INFOPLIST_KEY_UIApplicationSupportsIndirectInputEvents[sdk=iphoneos*]" = YES;
				"INFOPLIST_KEY_UIApplicationSupportsIndirectInputEvents[sdk=iphonesimulator*]" = YES;
				"INFOPLIST_KEY_UILaunchScreen_Generation[sdk=iphoneos*]" = YES;
				"INFOPLIST_KEY_UILaunchScreen_Generation[sdk=iphonesimulator*]" = YES;
				"INFOPLIST_KEY_UIStatusBarStyle[sdk=iphoneos*]" = UIStatusBarStyleDefault;
				"INFOPLIST_KEY_UIStatusBarStyle[sdk=iphonesimulator*]" = UIStatusBarStyleDefault;
				INFOPLIST_KEY_UISupportedInterfaceOrientations_iPad = "UIInterfaceOrientationPortrait UIInterfaceOrientationPortraitUpsideDown UIInterfaceOrientationLandscapeLeft UIInterfaceOrientationLandscapeRight";
				INFOPLIST_KEY_UISupportedInterfaceOrientations_iPhone = "UIInterfaceOrientationPortrait UIInterfaceOrientationLandscapeLeft UIInterfaceOrientationLandscapeRight";
				IPHONEOS_DEPLOYMENT_TARGET = 16.4;
				LD_RUNPATH_SEARCH_PATHS = "@executable_path/Frameworks";
				"LD_RUNPATH_SEARCH_PATHS[sdk=macosx*]" = "@executable_path/../Frameworks";
				MACOSX_DEPLOYMENT_TARGET = 13.3;
				MARKETING_VERSION = 1.0;
				PRODUCT_BUNDLE_IDENTIFIER = com.williamSantos.SmartMuscle;
				PRODUCT_NAME = "$(TARGET_NAME)";
				PROVISIONING_PROFILE_SPECIFIER = "";
				SDKROOT = auto;
				SUPPORTED_PLATFORMS = "iphoneos iphonesimulator";
				SUPPORTS_MACCATALYST = NO;
				SUPPORTS_MAC_DESIGNED_FOR_IPHONE_IPAD = NO;
				SWIFT_EMIT_LOC_STRINGS = YES;
				SWIFT_VERSION = 5.0;
				TARGETED_DEVICE_FAMILY = "1,2";
			};
			name = Release;
		};
/* End XCBuildConfiguration section */

/* Begin XCConfigurationList section */
		EE7030222A16C83E00DE5BA7 /* Build configuration list for PBXProject "SmartMuscle" */ = {
			isa = XCConfigurationList;
			buildConfigurations = (
				EE7030342A16C83F00DE5BA7 /* Debug */,
				EE7030352A16C83F00DE5BA7 /* Release */,
			);
			defaultConfigurationIsVisible = 0;
			defaultConfigurationName = Release;
		};
		EE7030362A16C83F00DE5BA7 /* Build configuration list for PBXNativeTarget "SmartMuscle" */ = {
			isa = XCConfigurationList;
			buildConfigurations = (
				EE7030372A16C83F00DE5BA7 /* Debug */,
				EE7030382A16C83F00DE5BA7 /* Release */,
			);
			defaultConfigurationIsVisible = 0;
			defaultConfigurationName = Release;
		};
/* End XCConfigurationList section */

/* Begin XCRemoteSwiftPackageReference section */
		EE4896162A3C9BC1008666FD /* XCRemoteSwiftPackageReference "firebase-ios-sdk" */ = {
			isa = XCRemoteSwiftPackageReference;
			repositoryURL = "https://github.com/firebase/firebase-ios-sdk";
			requirement = {
				kind = versionRange;
				maximumVersion = 10.0.0;
				minimumVersion = 9.0.0;
			};
		};
		EE5DAAA62A3131CB005A15E0 /* XCRemoteSwiftPackageReference "GoogleSignIn-iOS" */ = {
			isa = XCRemoteSwiftPackageReference;
			repositoryURL = "https://github.com/google/GoogleSignIn-iOS";
			requirement = {
				kind = upToNextMajorVersion;
				minimumVersion = 7.0.0;
			};
		};
/* End XCRemoteSwiftPackageReference section */

/* Begin XCSwiftPackageProductDependency section */
		EE4896172A3C9BC1008666FD /* FirebaseAnalytics */ = {
			isa = XCSwiftPackageProductDependency;
			package = EE4896162A3C9BC1008666FD /* XCRemoteSwiftPackageReference "firebase-ios-sdk" */;
			productName = FirebaseAnalytics;
		};
		EE4896192A3C9BC1008666FD /* FirebaseAppCheck */ = {
			isa = XCSwiftPackageProductDependency;
			package = EE4896162A3C9BC1008666FD /* XCRemoteSwiftPackageReference "firebase-ios-sdk" */;
			productName = FirebaseAppCheck;
		};
		EE48961B2A3C9BC1008666FD /* FirebaseAuth */ = {
			isa = XCSwiftPackageProductDependency;
			package = EE4896162A3C9BC1008666FD /* XCRemoteSwiftPackageReference "firebase-ios-sdk" */;
			productName = FirebaseAuth;
		};
		EE48961D2A3C9BC1008666FD /* FirebaseDatabase */ = {
			isa = XCSwiftPackageProductDependency;
			package = EE4896162A3C9BC1008666FD /* XCRemoteSwiftPackageReference "firebase-ios-sdk" */;
			productName = FirebaseDatabase;
		};
		EE48961F2A3C9BC1008666FD /* FirebaseFunctions */ = {
			isa = XCSwiftPackageProductDependency;
			package = EE4896162A3C9BC1008666FD /* XCRemoteSwiftPackageReference "firebase-ios-sdk" */;
			productName = FirebaseFunctions;
		};
		EE4896212A3C9BC1008666FD /* FirebaseMessaging */ = {
			isa = XCSwiftPackageProductDependency;
			package = EE4896162A3C9BC1008666FD /* XCRemoteSwiftPackageReference "firebase-ios-sdk" */;
			productName = FirebaseMessaging;
		};
		EE4896232A3C9BC1008666FD /* FirebaseStorage */ = {
			isa = XCSwiftPackageProductDependency;
			package = EE4896162A3C9BC1008666FD /* XCRemoteSwiftPackageReference "firebase-ios-sdk" */;
			productName = FirebaseStorage;
		};
		EE5DAAA72A3131CB005A15E0 /* GoogleSignIn */ = {
			isa = XCSwiftPackageProductDependency;
			package = EE5DAAA62A3131CB005A15E0 /* XCRemoteSwiftPackageReference "GoogleSignIn-iOS" */;
			productName = GoogleSignIn;
		};
		EE5DAAA92A3131CB005A15E0 /* GoogleSignInSwift */ = {
			isa = XCSwiftPackageProductDependency;
			package = EE5DAAA62A3131CB005A15E0 /* XCRemoteSwiftPackageReference "GoogleSignIn-iOS" */;
			productName = GoogleSignInSwift;
		};
/* End XCSwiftPackageProductDependency section */

/* Begin XCVersionGroup section */
		EE4F38F92A3B5797004DBEA3 /* SmartMuscleAppModel.xcdatamodeld */ = {
			isa = XCVersionGroup;
			children = (
				EE4F38FA2A3B5797004DBEA3 /* SmartMuscleAppModel.xcdatamodel */,
			);
			currentVersion = EE4F38FA2A3B5797004DBEA3 /* SmartMuscleAppModel.xcdatamodel */;
			path = SmartMuscleAppModel.xcdatamodeld;
			sourceTree = "<group>";
			versionGroupType = wrapper.xcdatamodel;
		};
/* End XCVersionGroup section */
	};
	rootObject = EE70301F2A16C83E00DE5BA7 /* Project object */;
}
